
Microsoft Visual Studio Solution File, Format Version 12.00
# Visual Studio Version 18
VisualStudioVersion = 18.6.11723.189
MinimumVisualStudioVersion = 10.0.40219.1
Project("{FAE04EC0-301F-11D3-BF4B-00C04F79EFBC}") = "ChatApp.TcpGateway", "ChatApp.TcpGateway.csproj", "{AFAB602D-A5D4-483C-B227-A9BCA0CB2D51}"
EndProject
Project("{FAE04EC0-301F-11D3-BF4B-00C04F79EFBC}") = "Core", "Core\Core.csproj", "{47AACD3B-06AB-4EEC-AFE5-6463865A628A}"
EndProject
Project("{FAE04EC0-301F-11D3-BF4B-00C04F79EFBC}") = "Infrastructure", "Infrastructure\Infrastructure.csproj", "{E326AD11-F771-4184-809E-186C29C8D3CD}"
EndProject
Project("{FAE04EC0-301F-11D3-BF4B-00C04F79EFBC}") = "ChatApp.TcpGateway.Observability", "Observability\ChatApp.TcpGateway.Observability.csproj", "{B1C2E3F4-5678-9012-ABCD-EF1234567890}"
EndProject
Project("{FAE04EC0-301F-11D3-BF4B-00C04F79EFBC}") = "ChatApp.TcpGateway.Tests", "tests\ChatApp.TcpGateway.Tests\ChatApp.TcpGateway.Tests.csproj", "{8A3D0989-13CE-4A32-912B-1284305780A2}"
EndProject
Project("{2150E333-8FDC-42A3-9474-1A3956D46DE8}") = "tools", "tools", "{07C2787E-EAC7-C090-1BA3-A61EC2A24D84}"
EndProject
Project("{FAE04EC0-301F-11D3-BF4B-00C04F79EFBC}") = "ChatApp.TcpGateway.LoadGenerator", "tools\ChatApp.TcpGateway.LoadGenerator\ChatApp.TcpGateway.LoadGenerator.csproj", "{8F5C4A62-D9AD-4DC5-8D86-89C8B1138C66}"
EndProject
Project("{FAE04EC0-301F-11D3-BF4B-00C04F79EFBC}") = "ChatApp.Realtime.PipelineProbe", "tools\ChatApp.Realtime.PipelineProbe\ChatApp.Realtime.PipelineProbe.csproj", "{A15B9B5D-0218-447F-BE58-9F6A79AB0978}"
EndProject
Project("{FAE04EC0-301F-11D3-BF4B-00C04F79EFBC}") = "ChatApp.Realtime.PipelineLoadGenerator", "tools\ChatApp.Realtime.PipelineLoadGenerator\ChatApp.Realtime.PipelineLoadGenerator.csproj", "{20D6034B-D21C-4505-BD1C-073B693253CB}"
EndProject
Project("{FAE04EC0-301F-11D3-BF4B-00C04F79EFBC}") = "ChatApp.Performance.Orchestrator", "tools\ChatApp.Performance.Orchestrator\ChatApp.Performance.Orchestrator.csproj", "{D09A4F77-063A-4AC4-B843-3AC1E735A941}"
EndProject
Project("{FAE04EC0-301F-11D3-BF4B-00C04F79EFBC}") = "ChatApp.Performance.Gate", "tools\ChatApp.Performance.Gate\ChatApp.Performance.Gate.csproj", "{6D6ECD34-ABE1-4654-AAB8-FD720120982B}"
EndProject
Project("{FAE04EC0-301F-11D3-BF4B-00C04F79EFBC}") = "ChatApp.ActorRuntime", "ActorRuntime\ChatApp.ActorRuntime.csproj", "{C1A0D310-1234-4A5B-9C8E-7F3A2B1C0D45}"
EndProject
Project("{FAE04EC0-301F-11D3-BF4B-00C04F79EFBC}") = "ChatApp.ActorRuntime.Benchmarks", "tools\ChatApp.ActorRuntime.Benchmarks\ChatApp.ActorRuntime.Benchmarks.csproj", "{F4A0C2D1-6E5B-4A73-9D80-1C2B3A4E5F60}"
EndProject
Project("{2150E333-8FDC-42A3-9474-1A3956D46DE8}") = "PushWorker", "PushWorker", "{58A7D8C5-76D4-DA48-2BB7-0BAF7EE7A12A}"
EndProject
Project("{FAE04EC0-301F-11D3-BF4B-00C04F79EFBC}") = "ChatApp.PushWorker", "PushWorker\ChatApp.PushWorker.csproj", "{005EE0EA-7733-4DB3-9BA4-3DCB5CF8E05A}"
EndProject
Project("{FAE04EC0-301F-11D3-BF4B-00C04F79EFBC}") = "ChatApp.OutboundChannel.Benchmarks", "tools\ChatApp.OutboundChannel.Benchmarks\ChatApp.OutboundChannel.Benchmarks.csproj", "{FCC079A8-D981-4082-B45F-2608465C1BD0}"
EndProject
Global
	GlobalSection(SolutionConfigurationPlatforms) = preSolution
		Debug|Any CPU = Debug|Any CPU
		Debug|x64 = Debug|x64
		Debug|x86 = Debug|x86
		Release|Any CPU = Release|Any CPU
		Release|x64 = Release|x64
		Release|x86 = Release|x86
	EndGlobalSection
	GlobalSection(ProjectConfigurationPlatforms) = postSolution
		{AFAB602D-A5D4-483C-B227-A9BCA0CB2D51}.Debug|Any CPU.ActiveCfg = Debug|Any CPU
		{AFAB602D-A5D4-483C-B227-A9BCA0CB2D51}.Debug|Any CPU.Build.0 = Debug|Any CPU
		{AFAB602D-A5D4-483C-B227-A9BCA0CB2D51}.Debug|x64.ActiveCfg = Debug|Any CPU
		{AFAB602D-A5D4-483C-B227-A9BCA0CB2D51}.Debug|x64.Build.0 = Debug|Any CPU
		{AFAB602D-A5D4-483C-B227-A9BCA0CB2D51}.Debug|x86.ActiveCfg = Debug|Any CPU
		{AFAB602D-A5D4-483C-B227-A9BCA0CB2D51}.Debug|x86.Build.0 = Debug|Any CPU
		{AFAB602D-A5D4-483C-B227-A9BCA0CB2D51}.Release|Any CPU.ActiveCfg = Release|Any CPU
		{AFAB602D-A5D4-483C-B227-A9BCA0CB2D51}.Release|Any CPU.Build.0 = Release|Any CPU
		{AFAB602D-A5D4-483C-B227-A9BCA0CB2D51}.Release|x64.ActiveCfg = Release|Any CPU
		{AFAB602D-A5D4-483C-B227-A9BCA0CB2D51}.Release|x64.Build.0 = Release|Any CPU
		{AFAB602D-A5D4-483C-B227-A9BCA0CB2D51}.Release|x86.ActiveCfg = Release|Any CPU
		{AFAB602D-A5D4-483C-B227-A9BCA0CB2D51}.Release|x86.Build.0 = Release|Any CPU
		{47AACD3B-06AB-4EEC-AFE5-6463865A628A}.Debug|Any CPU.ActiveCfg = Debug|Any CPU
		{47AACD3B-06AB-4EEC-AFE5-6463865A628A}.Debug|Any CPU.Build.0 = Debug|Any CPU
		{47AACD3B-06AB-4EEC-AFE5-6463865A628A}.Debug|x64.ActiveCfg = Debug|Any CPU
		{47AACD3B-06AB-4EEC-AFE5-6463865A628A}.Debug|x64.Build.0 = Debug|Any CPU
		{47AACD3B-06AB-4EEC-AFE5-6463865A628A}.Debug|x86.ActiveCfg = Debug|Any CPU
		{47AACD3B-06AB-4EEC-AFE5-6463865A628A}.Debug|x86.Build.0 = Debug|Any CPU
		{47AACD3B-06AB-4EEC-AFE5-6463865A628A}.Release|Any CPU.ActiveCfg = Release|Any CPU
		{47AACD3B-06AB-4EEC-AFE5-6463865A628A}.Release|Any CPU.Build.0 = Release|Any CPU
		{47AACD3B-06AB-4EEC-AFE5-6463865A628A}.Release|x64.ActiveCfg = Release|Any CPU
		{47AACD3B-06AB-4EEC-AFE5-6463865A628A}.Release|x64.Build.0 = Release|Any CPU
		{47AACD3B-06AB-4EEC-AFE5-6463865A628A}.Release|x86.ActiveCfg = Release|Any CPU
		{47AACD3B-06AB-4EEC-AFE5-6463865A628A}.Release|x86.Build.0 = Release|Any CPU
		{E326AD11-F771-4184-809E-186C29C8D3CD}.Debug|Any CPU.ActiveCfg = Debug|Any CPU
		{E326AD11-F771-4184-809E-186C29C8D3CD}.Debug|Any CPU.Build.0 = Debug|Any CPU
		{E326AD11-F771-4184-809E-186C29C8D3CD}.Debug|x64.ActiveCfg = Debug|Any CPU
		{E326AD11-F771-4184-809E-186C29C8D3CD}.Debug|x64.Build.0 = Debug|Any CPU
		{E326AD11-F771-4184-809E-186C29C8D3CD}.Debug|x86.ActiveCfg = Debug|Any CPU
		{E326AD11-F771-4184-809E-186C29C8D3CD}.Debug|x86.Build.0 = Debug|Any CPU
		{E326AD11-F771-4184-809E-186C29C8D3CD}.Release|Any CPU.ActiveCfg = Release|Any CPU
		{E326AD11-F771-4184-809E-186C29C8D3CD}.Release|Any CPU.Build.0 = Release|Any CPU
		{E326AD11-F771-4184-809E-186C29C8D3CD}.Release|x64.ActiveCfg = Release|Any CPU
		{E326AD11-F771-4184-809E-186C29C8D3CD}.Release|x64.Build.0 = Release|Any CPU
		{E326AD11-F771-4184-809E-186C29C8D3CD}.Release|x86.ActiveCfg = Release|Any CPU
		{E326AD11-F771-4184-809E-186C29C8D3CD}.Release|x86.Build.0 = Release|Any CPU
		{B1C2E3F4-5678-9012-ABCD-EF1234567890}.Debug|Any CPU.ActiveCfg = Debug|Any CPU
		{B1C2E3F4-5678-9012-ABCD-EF1234567890}.Debug|Any CPU.Build.0 = Debug|Any CPU
		{B1C2E3F4-5678-9012-ABCD-EF1234567890}.Debug|x64.ActiveCfg = Debug|Any CPU
		{B1C2E3F4-5678-9012-ABCD-EF1234567890}.Debug|x64.Build.0 = Debug|Any CPU
		{B1C2E3F4-5678-9012-ABCD-EF1234567890}.Debug|x86.ActiveCfg = Debug|Any CPU
		{B1C2E3F4-5678-9012-ABCD-EF1234567890}.Debug|x86.Build.0 = Debug|Any CPU
		{B1C2E3F4-5678-9012-ABCD-EF1234567890}.Release|Any CPU.ActiveCfg = Release|Any CPU
		{B1C2E3F4-5678-9012-ABCD-EF1234567890}.Release|Any CPU.Build.0 = Release|Any CPU
		{B1C2E3F4-5678-9012-ABCD-EF1234567890}.Release|x64.ActiveCfg = Release|Any CPU
		{B1C2E3F4-5678-9012-ABCD-EF1234567890}.Release|x64.Build.0 = Release|Any CPU
		{B1C2E3F4-5678-9012-ABCD-EF1234567890}.Release|x86.ActiveCfg = Release|Any CPU
		{B1C2E3F4-5678-9012-ABCD-EF1234567890}.Release|x86.Build.0 = Release|Any CPU
		{8A3D0989-13CE-4A32-912B-1284305780A2}.Debug|Any CPU.ActiveCfg = Debug|Any CPU
		{8A3D0989-13CE-4A32-912B-1284305780A2}.Debug|Any CPU.Build.0 = Debug|Any CPU
		{8A3D0989-13CE-4A32-912B-1284305780A2}.Debug|x64.ActiveCfg = Debug|Any CPU
		{8A3D0989-13CE-4A32-912B-1284305780A2}.Debug|x64.Build.0 = Debug|Any CPU
		{8A3D0989-13CE-4A32-912B-1284305780A2}.Debug|x86.ActiveCfg = Debug|Any CPU
		{8A3D0989-13CE-4A32-912B-1284305780A2}.Debug|x86.Build.0 = Debug|Any CPU
		{8A3D0989-13CE-4A32-912B-1284305780A2}.Release|Any CPU.ActiveCfg = Release|Any CPU
		{8A3D0989-13CE-4A32-912B-1284305780A2}.Release|Any CPU.Build.0 = Release|Any CPU
		{8A3D0989-13CE-4A32-912B-1284305780A2}.Release|x64.ActiveCfg = Release|Any CPU
		{8A3D0989-13CE-4A32-912B-1284305780A2}.Release|x64.Build.0 = Release|Any CPU
		{8A3D0989-13CE-4A32-912B-1284305780A2}.Release|x86.ActiveCfg = Release|Any CPU
		{8A3D0989-13CE-4A32-912B-1284305780A2}.Release|x86.Build.0 = Release|Any CPU
		{8F5C4A62-D9AD-4DC5-8D86-89C8B1138C66}.Debug|Any CPU.ActiveCfg = Debug|Any CPU
		{8F5C4A62-D9AD-4DC5-8D86-89C8B1138C66}.Debug|Any CPU.Build.0 = Debug|Any CPU
		{8F5C4A62-D9AD-4DC5-8D86-89C8B1138C66}.Debug|x64.ActiveCfg = Debug|Any CPU
		{8F5C4A62-D9AD-4DC5-8D86-89C8B1138C66}.Debug|x64.Build.0 = Debug|Any CPU
		{8F5C4A62-D9AD-4DC5-8D86-89C8B1138C66}.Debug|x86.ActiveCfg = Debug|Any CPU
		{8F5C4A62-D9AD-4DC5-8D86-89C8B1138C66}.Debug|x86.Build.0 = Debug|Any CPU
		{8F5C4A62-D9AD-4DC5-8D86-89C8B1138C66}.Release|Any CPU.ActiveCfg = Release|Any CPU
		{8F5C4A62-D9AD-4DC5-8D86-89C8B1138C66}.Release|Any CPU.Build.0 = Release|Any CPU
		{8F5C4A62-D9AD-4DC5-8D86-89C8B1138C66}.Release|x64.ActiveCfg = Release|Any CPU
		{8F5C4A62-D9AD-4DC5-8D86-89C8B1138C66}.Release|x64.Build.0 = Release|Any CPU
		{8F5C4A62-D9AD-4DC5-8D86-89C8B1138C66}.Release|x86.ActiveCfg = Release|Any CPU
		{8F5C4A62-D9AD-4DC5-8D86-89C8B1138C66}.Release|x86.Build.0 = Release|Any CPU
		{A15B9B5D-0218-447F-BE58-9F6A79AB0978}.Debug|Any CPU.ActiveCfg = Debug|Any CPU
		{A15B9B5D-0218-447F-BE58-9F6A79AB0978}.Debug|Any CPU.Build.0 = Debug|Any CPU
		{A15B9B5D-0218-447F-BE58-9F6A79AB0978}.Debug|x64.ActiveCfg = Debug|Any CPU
		{A15B9B5D-0218-447F-BE58-9F6A79AB0978}.Debug|x64.Build.0 = Debug|Any CPU
		{A15B9B5D-0218-447F-BE58-9F6A79AB0978}.Debug|x86.ActiveCfg = Debug|Any CPU
		{A15B9B5D-0218-447F-BE58-9F6A79AB0978}.Debug|x86.Build.0 = Debug|Any CPU
		{A15B9B5D-0218-447F-BE58-9F6A79AB0978}.Release|Any CPU.ActiveCfg = Release|Any CPU
		{A15B9B5D-0218-447F-BE58-9F6A79AB0978}.Release|Any CPU.Build.0 = Release|Any CPU
		{A15B9B5D-0218-447F-BE58-9F6A79AB0978}.Release|x64.ActiveCfg = Release|Any CPU
		{A15B9B5D-0218-447F-BE58-9F6A79AB0978}.Release|x64.Build.0 = Release|Any CPU
		{A15B9B5D-0218-447F-BE58-9F6A79AB0978}.Release|x86.ActiveCfg = Release|Any CPU
		{A15B9B5D-0218-447F-BE58-9F6A79AB0978}.Release|x86.Build.0 = Release|Any CPU
		{20D6034B-D21C-4505-BD1C-073B693253CB}.Debug|Any CPU.ActiveCfg = Debug|Any CPU
		{20D6034B-D21C-4505-BD1C-073B693253CB}.Debug|Any CPU.Build.0 = Debug|Any CPU
		{20D6034B-D21C-4505-BD1C-073B693253CB}.Debug|x64.ActiveCfg = Debug|Any CPU
		{20D6034B-D21C-4505-BD1C-073B693253CB}.Debug|x64.Build.0 = Debug|Any CPU
		{20D6034B-D21C-4505-BD1C-073B693253CB}.Debug|x86.ActiveCfg = Debug|Any CPU
		{20D6034B-D21C-4505-BD1C-073B693253CB}.Debug|x86.Build.0 = Debug|Any CPU
		{20D6034B-D21C-4505-BD1C-073B693253CB}.Release|Any CPU.ActiveCfg = Release|Any CPU
		{20D6034B-D21C-4505-BD1C-073B693253CB}.Release|Any CPU.Build.0 = Release|Any CPU
		{20D6034B-D21C-4505-BD1C-073B693253CB}.Release|x64.ActiveCfg = Release|Any CPU
		{20D6034B-D21C-4505-BD1C-073B693253CB}.Release|x64.Build.0 = Release|Any CPU
		{20D6034B-D21C-4505-BD1C-073B693253CB}.Release|x86.ActiveCfg = Release|Any CPU
		{20D6034B-D21C-4505-BD1C-073B693253CB}.Release|x86.Build.0 = Release|Any CPU
		{D09A4F77-063A-4AC4-B843-3AC1E735A941}.Debug|Any CPU.ActiveCfg = Debug|Any CPU
		{D09A4F77-063A-4AC4-B843-3AC1E735A941}.Debug|Any CPU.Build.0 = Debug|Any CPU
		{D09A4F77-063A-4AC4-B843-3AC1E735A941}.Debug|x64.ActiveCfg = Debug|Any CPU
		{D09A4F77-063A-4AC4-B843-3AC1E735A941}.Debug|x64.Build.0 = Debug|Any CPU
		{D09A4F77-063A-4AC4-B843-3AC1E735A941}.Debug|x86.ActiveCfg = Debug|Any CPU
		{D09A4F77-063A-4AC4-B843-3AC1E735A941}.Debug|x86.Build.0 = Debug|Any CPU
		{D09A4F77-063A-4AC4-B843-3AC1E735A941}.Release|Any CPU.ActiveCfg = Release|Any CPU
		{D09A4F77-063A-4AC4-B843-3AC1E735A941}.Release|Any CPU.Build.0 = Release|Any CPU
		{D09A4F77-063A-4AC4-B843-3AC1E735A941}.Release|x64.ActiveCfg = Release|Any CPU
		{D09A4F77-063A-4AC4-B843-3AC1E735A941}.Release|x64.Build.0 = Release|Any CPU
		{D09A4F77-063A-4AC4-B843-3AC1E735A941}.Release|x86.ActiveCfg = Release|Any CPU
		{D09A4F77-063A-4AC4-B843-3AC1E735A941}.Release|x86.Build.0 = Release|Any CPU
		{6D6ECD34-ABE1-4654-AAB8-FD720120982B}.Debug|Any CPU.ActiveCfg = Debug|Any CPU
		{6D6ECD34-ABE1-4654-AAB8-FD720120982B}.Debug|Any CPU.Build.0 = Debug|Any CPU
		{6D6ECD34-ABE1-4654-AAB8-FD720120982B}.Debug|x64.ActiveCfg = Debug|Any CPU
		{6D6ECD34-ABE1-4654-AAB8-FD720120982B}.Debug|x64.Build.0 = Debug|Any CPU
		{6D6ECD34-ABE1-4654-AAB8-FD720120982B}.Debug|x86.ActiveCfg = Debug|Any CPU
		{6D6ECD34-ABE1-4654-AAB8-FD720120982B}.Debug|x86.Build.0 = Debug|Any CPU
		{6D6ECD34-ABE1-4654-AAB8-FD720120982B}.Release|Any CPU.ActiveCfg = Release|Any CPU
		{6D6ECD34-ABE1-4654-AAB8-FD720120982B}.Release|Any CPU.Build.0 = Release|Any CPU
		{6D6ECD34-ABE1-4654-AAB8-FD720120982B}.Release|x64.ActiveCfg = Release|Any CPU
		{6D6ECD34-ABE1-4654-AAB8-FD720120982B}.Release|x64.Build.0 = Release|Any CPU
		{6D6ECD34-ABE1-4654-AAB8-FD720120982B}.Release|x86.ActiveCfg = Release|Any CPU
		{6D6ECD34-ABE1-4654-AAB8-FD720120982B}.Release|x86.Build.0 = Release|Any CPU
		{C1A0D310-1234-4A5B-9C8E-7F3A2B1C0D45}.Debug|Any CPU.ActiveCfg = Debug|Any CPU
		{C1A0D310-1234-4A5B-9C8E-7F3A2B1C0D45}.Debug|Any CPU.Build.0 = Debug|Any CPU
		{C1A0D310-1234-4A5B-9C8E-7F3A2B1C0D45}.Debug|x64.ActiveCfg = Debug|Any CPU
		{C1A0D310-1234-4A5B-9C8E-7F3A2B1C0D45}.Debug|x64.Build.0 = Debug|Any CPU
		{C1A0D310-1234-4A5B-9C8E-7F3A2B1C0D45}.Debug|x86.ActiveCfg = Debug|Any CPU
		{C1A0D310-1234-4A5B-9C8E-7F3A2B1C0D45}.Debug|x86.Build.0 = Debug|Any CPU
		{C1A0D310-1234-4A5B-9C8E-7F3A2B1C0D45}.Release|Any CPU.ActiveCfg = Release|Any CPU
		{C1A0D310-1234-4A5B-9C8E-7F3A2B1C0D45}.Release|Any CPU.Build.0 = Release|Any CPU
		{C1A0D310-1234-4A5B-9C8E-7F3A2B1C0D45}.Release|x64.ActiveCfg = Release|Any CPU
		{C1A0D310-1234-4A5B-9C8E-7F3A2B1C0D45}.Release|x64.Build.0 = Release|Any CPU
		{C1A0D310-1234-4A5B-9C8E-7F3A2B1C0D45}.Release|x86.ActiveCfg = Release|Any CPU
		{C1A0D310-1234-4A5B-9C8E-7F3A2B1C0D45}.Release|x86.Build.0 = Release|Any CPU
		{F4A0C2D1-6E5B-4A73-9D80-1C2B3A4E5F60}.Debug|Any CPU.ActiveCfg = Debug|Any CPU
		{F4A0C2D1-6E5B-4A73-9D80-1C2B3A4E5F60}.Debug|Any CPU.Build.0 = Debug|Any CPU
		{F4A0C2D1-6E5B-4A73-9D80-1C2B3A4E5F60}.Debug|x64.ActiveCfg = Debug|Any CPU
		{F4A0C2D1-6E5B-4A73-9D80-1C2B3A4E5F60}.Debug|x64.Build.0 = Debug|Any CPU
		{F4A0C2D1-6E5B-4A73-9D80-1C2B3A4E5F60}.Debug|x86.ActiveCfg = Debug|Any CPU
		{F4A0C2D1-6E5B-4A73-9D80-1C2B3A4E5F60}.Debug|x86.Build.0 = Debug|Any CPU
		{F4A0C2D1-6E5B-4A73-9D80-1C2B3A4E5F60}.Release|Any CPU.ActiveCfg = Release|Any CPU
		{F4A0C2D1-6E5B-4A73-9D80-1C2B3A4E5F60}.Release|Any CPU.Build.0 = Release|Any CPU
		{F4A0C2D1-6E5B-4A73-9D80-1C2B3A4E5F60}.Release|x64.ActiveCfg = Release|Any CPU
		{F4A0C2D1-6E5B-4A73-9D80-1C2B3A4E5F60}.Release|x64.Build.0 = Release|Any CPU
		{F4A0C2D1-6E5B-4A73-9D80-1C2B3A4E5F60}.Release|x86.ActiveCfg = Release|Any CPU
		{F4A0C2D1-6E5B-4A73-9D80-1C2B3A4E5F60}.Release|x86.Build.0 = Release|Any CPU
		{005EE0EA-7733-4DB3-9BA4-3DCB5CF8E05A}.Debug|Any CPU.ActiveCfg = Debug|Any CPU
		{005EE0EA-7733-4DB3-9BA4-3DCB5CF8E05A}.Debug|Any CPU.Build.0 = Debug|Any CPU
		{005EE0EA-7733-4DB3-9BA4-3DCB5CF8E05A}.Debug|x64.ActiveCfg = Debug|Any CPU
		{005EE0EA-7733-4DB3-9BA4-3DCB5CF8E05A}.Debug|x64.Build.0 = Debug|Any CPU
		{005EE0EA-7733-4DB3-9BA4-3DCB5CF8E05A}.Debug|x86.ActiveCfg = Debug|Any CPU
		{005EE0EA-7733-4DB3-9BA4-3DCB5CF8E05A}.Debug|x86.Build.0 = Debug|Any CPU
		{005EE0EA-7733-4DB3-9BA4-3DCB5CF8E05A}.Release|Any CPU.ActiveCfg = Release|Any CPU
		{005EE0EA-7733-4DB3-9BA4-3DCB5CF8E05A}.Release|Any CPU.Build.0 = Release|Any CPU
		{005EE0EA-7733-4DB3-9BA4-3DCB5CF8E05A}.Release|x64.ActiveCfg = Release|Any CPU
		{005EE0EA-7733-4DB3-9BA4-3DCB5CF8E05A}.Release|x64.Build.0 = Release|Any CPU
		{005EE0EA-7733-4DB3-9BA4-3DCB5CF8E05A}.Release|x86.ActiveCfg = Release|Any CPU
		{005EE0EA-7733-4DB3-9BA4-3DCB5CF8E05A}.Release|x86.Build.0 = Release|Any CPU
		{FCC079A8-D981-4082-B45F-2608465C1BD0}.Debug|Any CPU.ActiveCfg = Debug|Any CPU
		{FCC079A8-D981-4082-B45F-2608465C1BD0}.Debug|Any CPU.Build.0 = Debug|Any CPU
		{FCC079A8-D981-4082-B45F-2608465C1BD0}.Debug|x64.ActiveCfg = Debug|Any CPU
		{FCC079A8-D981-4082-B45F-2608465C1BD0}.Debug|x64.Build.0 = Debug|Any CPU
		{FCC079A8-D981-4082-B45F-2608465C1BD0}.Debug|x86.ActiveCfg = Debug|Any CPU
		{FCC079A8-D981-4082-B45F-2608465C1BD0}.Debug|x86.Build.0 = Debug|Any CPU
		{FCC079A8-D981-4082-B45F-2608465C1BD0}.Release|Any CPU.ActiveCfg = Release|Any CPU
		{FCC079A8-D981-4082-B45F-2608465C1BD0}.Release|Any CPU.Build.0 = Release|Any CPU
		{FCC079A8-D981-4082-B45F-2608465C1BD0}.Release|x64.ActiveCfg = Release|Any CPU
		{FCC079A8-D981-4082-B45F-2608465C1BD0}.Release|x64.Build.0 = Release|Any CPU
		{FCC079A8-D981-4082-B45F-2608465C1BD0}.Release|x86.ActiveCfg = Release|Any CPU
		{FCC079A8-D981-4082-B45F-2608465C1BD0}.Release|x86.Build.0 = Release|Any CPU
	EndGlobalSection
	GlobalSection(SolutionProperties) = preSolution
		HideSolutionNode = FALSE
	EndGlobalSection
	GlobalSection(NestedProjects) = preSolution
		{8F5C4A62-D9AD-4DC5-8D86-89C8B1138C66} = {07C2787E-EAC7-C090-1BA3-A61EC2A24D84}
		{A15B9B5D-0218-447F-BE58-9F6A79AB0978} = {07C2787E-EAC7-C090-1BA3-A61EC2A24D84}
		{20D6034B-D21C-4505-BD1C-073B693253CB} = {07C2787E-EAC7-C090-1BA3-A61EC2A24D84}
		{D09A4F77-063A-4AC4-B843-3AC1E735A941} = {07C2787E-EAC7-C090-1BA3-A61EC2A24D84}
		{6D6ECD34-ABE1-4654-AAB8-FD720120982B} = {07C2787E-EAC7-C090-1BA3-A61EC2A24D84}
		{F4A0C2D1-6E5B-4A73-9D80-1C2B3A4E5F60} = {07C2787E-EAC7-C090-1BA3-A61EC2A24D84}
		{005EE0EA-7733-4DB3-9BA4-3DCB5CF8E05A} = {58A7D8C5-76D4-DA48-2BB7-0BAF7EE7A12A}
		{FCC079A8-D981-4082-B45F-2608465C1BD0} = {07C2787E-EAC7-C090-1BA3-A61EC2A24D84}
	EndGlobalSection
EndGlobal
