{
  "version": 2,
  "dependencies": {
    "net10.0": {
      "ChatApp.Protocol.Tcp": {
        "type": "Direct",
        "requested": "[0.5.3, )",
        "resolved": "0.5.3",
        "contentHash": "uxcuHMPGhBrqilqGOrpXC8YQk7JJu4uYXHddsL+uNXPawhu7+8DPrPi6RdvIFYiSm5VA5jptuQmFMmsXh2sQ3g=="
      },
      "ChatApp.Realtime.Contracts": {
        "type": "Direct",
        "requested": "[2.5.2, )",
        "resolved": "2.5.2",
        "contentHash": "+xJlypTWIZzVlI4swquPA9h2CpWMYf2fZeVclxbpVFUsu3NdN7NqdfdSPl8uqQRQjvFpC88DPyOAHVQMr3AK4Q=="
      }
    }
  }
}