{
  "version": 2,
  "dependencies": {
    "net10.0": {
      "ChatApp.Protocol.Tcp": {
        "type": "Direct",
        "requested": "[0.5.6, )",
        "resolved": "0.5.6",
        "contentHash": "0YAJbmvm+olh2QLYW6JcEqsd4UMSZX0VuN0sohJRmOGzuNoinH3Pi8H+Oy9iqGO7rrCxra/t8lVR1fo8kRVkNQ=="
      },
      "ChatApp.Realtime.Contracts": {
        "type": "Direct",
        "requested": "[2.5.5, )",
        "resolved": "2.5.5",
        "contentHash": "RmfPtFACERVW9kodqQkKvvgUyE8JuantJmO+ggC4syrdEH4V1HbSKCcd860GZThHqMuOeXrI1NjL/0GJCoOuLg=="
      }
    }
  }
}